
Microsoft Visual Studio Solution File, Format Version 12.00
# Visual Studio 15
VisualStudioVersion = 15.0.28307.421
MinimumVisualStudioVersion = 10.0.40219.1
Project("{FAE04EC0-301F-11D3-BF4B-00C04F79EFBC}") = "AspNetCoreIdentity", "AspNetCoreIdentity\AspNetCoreIdentity.csproj", "{70F55197-B663-40C0-95E0-13712774F168}"
EndProject
Global
	GlobalSection(SolutionConfigurationPlatforms) = preSolution
		Debug|Any CPU = Debug|Any CPU
		Release|Any CPU = Release|Any CPU
	EndGlobalSection
	GlobalSection(ProjectConfigurationPlatforms) = postSolution
		{70F55197-B663-40C0-95E0-13712774F168}.Debug|Any CPU.ActiveCfg = Debug|Any CPU
		{70F55197-B663-40C0-95E0-13712774F168}.Debug|Any CPU.Build.0 = Debug|Any CPU
		{70F55197-B663-40C0-95E0-13712774F168}.Release|Any CPU.ActiveCfg = Release|Any CPU
		{70F55197-B663-40C0-95E0-13712774F168}.Release|Any CPU.Build.0 = Release|Any CPU
	EndGlobalSection
	GlobalSection(SolutionProperties) = preSolution
		HideSolutionNode = FALSE
	EndGlobalSection
	GlobalSection(ExtensibilityGlobals) = postSolution
		SolutionGuid = {417F2A61-0ED4-4D6E-9E2A-B4678358B7CA}
	EndGlobalSection
EndGlobal
